{
    "version": 3,
    "terraform_version": "0.11.7",
    "serial": 2,
    "lineage": "36bd2bef-2411-f9a6-6c44-9c25fbc39b0d",
    "modules": [
        {
            "path": [
                "root"
            ],
            "outputs": {},
            "resources": {
                "google_compute_network.myhouse": {
                    "type": "google_compute_network",
                    "depends_on": [],
                    "primary": {
                        "id": "myhouse",
                        "attributes": {
                            "auto_create_subnetworks": "true",
                            "description": "",
                            "gateway_ipv4": "",
                            "id": "myhouse",
                            "ipv4_range": "",
                            "name": "myhouse",
                            "project": "nnao45-gcp",
                            "routing_mode": "REGIONAL",
                            "self_link": "https://www.googleapis.com/compute/v1/projects/nnao45-gcp/global/networks/myhouse"
                        },
                        "meta": {},
                        "tainted": false
                    },
                    "deposed": [],
                    "provider": "provider.google"
                }
            },
            "depends_on": []
        }
    ]
}
