{
    "version": 3,
    "terraform_version": "0.11.7",
    "serial": 3,
    "lineage": "36bd2bef-2411-f9a6-6c44-9c25fbc39b0d",
    "modules": [
        {
            "path": [
                "root"
            ],
            "outputs": {},
            "resources": {
                "google_compute_firewall.myhouse": {
                    "type": "google_compute_firewall",
                    "depends_on": [
                        "google_compute_instance.myhouse",
                        "google_compute_network.myhouse"
                    ],
                    "primary": {
                        "id": "development",
                        "attributes": {
                            "allow.#": "3",
                            "allow.1367131964.ports.#": "0",
                            "allow.1367131964.protocol": "icmp",
                            "allow.374933834.ports.#": "7",
                            "allow.374933834.ports.0": "22",
                            "allow.374933834.ports.1": "80",
                            "allow.374933834.ports.2": "443",
                            "allow.374933834.ports.3": "6443",
                            "allow.374933834.ports.4": "2379-2380",
                            "allow.374933834.ports.5": "10250-10256",
                            "allow.374933834.ports.6": "30000-32767",
                            "allow.374933834.protocol": "tcp",
                            "allow.945134870.ports.#": "1",
                            "allow.945134870.ports.0": "8472",
                            "allow.945134870.protocol": "udp",
                            "deny.#": "0",
                            "description": "",
                            "destination_ranges.#": "0",
                            "direction": "INGRESS",
                            "disabled": "false",
                            "id": "development",
                            "name": "development",
                            "network": "https://www.googleapis.com/compute/v1/projects/nnao45-gcp/global/networks/myhouse",
                            "priority": "1000",
                            "project": "nnao45-gcp",
                            "self_link": "https://www.googleapis.com/compute/v1/projects/nnao45-gcp/global/firewalls/development",
                            "source_ranges.#": "1",
                            "source_ranges.1080289494": "0.0.0.0/0",
                            "source_service_accounts.#": "0",
                            "source_tags.#": "0",
                            "target_service_accounts.#": "0",
                            "target_tags.#": "2",
                            "target_tags.333791895": "rke",
                            "target_tags.4208419026": "myhouse"
                        },
                        "meta": {
                            "schema_version": "1"
                        },
                        "tainted": false
                    },
                    "deposed": [],
                    "provider": "provider.google"
                },
                "google_compute_instance.myhouse": {
                    "type": "google_compute_instance",
                    "depends_on": [
                        "google_compute_subnetwork.rke"
                    ],
                    "primary": {
                        "id": "rke",
                        "attributes": {
                            "attached_disk.#": "0",
                            "boot_disk.#": "1",
                            "boot_disk.0.auto_delete": "true",
                            "boot_disk.0.device_name": "persistent-disk-0",
                            "boot_disk.0.disk_encryption_key_raw": "",
                            "boot_disk.0.disk_encryption_key_sha256": "",
                            "boot_disk.0.initialize_params.#": "1",
                            "boot_disk.0.initialize_params.0.image": "https://www.googleapis.com/compute/v1/projects/ubuntu-os-cloud/global/images/ubuntu-1804-bionic-v20180617",
                            "boot_disk.0.initialize_params.0.size": "10",
                            "boot_disk.0.initialize_params.0.type": "pd-standard",
                            "boot_disk.0.source": "https://www.googleapis.com/compute/v1/projects/nnao45-gcp/zones/asia-northeast1-c/disks/rke",
                            "can_ip_forward": "false",
                            "cpu_platform": "Intel Broadwell",
                            "create_timeout": "4",
                            "deletion_protection": "false",
                            "description": "rke",
                            "guest_accelerator.#": "0",
                            "id": "rke",
                            "instance_id": "8802909670122859634",
                            "label_fingerprint": "42WmSpB8rSM=",
                            "machine_type": "n1-standard-1",
                            "metadata.%": "0",
                            "metadata_fingerprint": "bqCe9i-OOUg=",
                            "metadata_startup_script": "",
                            "min_cpu_platform": "",
                            "name": "rke",
                            "network_interface.#": "1",
                            "network_interface.0.access_config.#": "1",
                            "network_interface.0.access_config.0.assigned_nat_ip": "35.189.140.73",
                            "network_interface.0.access_config.0.nat_ip": "35.189.140.73",
                            "network_interface.0.access_config.0.network_tier": "PREMIUM",
                            "network_interface.0.access_config.0.public_ptr_domain_name": "",
                            "network_interface.0.address": "10.45.0.2",
                            "network_interface.0.alias_ip_range.#": "0",
                            "network_interface.0.name": "nic0",
                            "network_interface.0.network": "https://www.googleapis.com/compute/beta/projects/nnao45-gcp/global/networks/myhouse",
                            "network_interface.0.network_ip": "10.45.0.2",
                            "network_interface.0.subnetwork": "https://www.googleapis.com/compute/beta/projects/nnao45-gcp/regions/asia-northeast1/subnetworks/rke",
                            "network_interface.0.subnetwork_project": "nnao45-gcp",
                            "project": "nnao45-gcp",
                            "scheduling.#": "1",
                            "scheduling.0.automatic_restart": "true",
                            "scheduling.0.on_host_maintenance": "MIGRATE",
                            "scheduling.0.preemptible": "false",
                            "scratch_disk.#": "0",
                            "self_link": "https://www.googleapis.com/compute/v1/projects/nnao45-gcp/zones/asia-northeast1-c/instances/rke",
                            "service_account.#": "1",
                            "service_account.0.email": "246915362776-compute@developer.gserviceaccount.com",
                            "service_account.0.scopes.#": "5",
                            "service_account.0.scopes.1277378754": "https://www.googleapis.com/auth/monitoring",
                            "service_account.0.scopes.1632638332": "https://www.googleapis.com/auth/devstorage.read_only",
                            "service_account.0.scopes.2401844655": "https://www.googleapis.com/auth/bigquery",
                            "service_account.0.scopes.2428168921": "https://www.googleapis.com/auth/userinfo.email",
                            "service_account.0.scopes.2862113455": "https://www.googleapis.com/auth/compute.readonly",
                            "tags.#": "2",
                            "tags.333791895": "rke",
                            "tags.4208419026": "myhouse",
                            "tags_fingerprint": "AI6rA2WOT5c=",
                            "zone": "asia-northeast1-c"
                        },
                        "meta": {
                            "e2bfb730-ecaa-11e6-8f88-34363bc7c4c0": {
                                "create": 360000000000,
                                "delete": 360000000000,
                                "update": 360000000000
                            },
                            "schema_version": "6"
                        },
                        "tainted": false
                    },
                    "deposed": [],
                    "provider": "provider.google"
                },
                "google_compute_network.myhouse": {
                    "type": "google_compute_network",
                    "depends_on": [],
                    "primary": {
                        "id": "myhouse",
                        "attributes": {
                            "auto_create_subnetworks": "true",
                            "description": "",
                            "gateway_ipv4": "",
                            "id": "myhouse",
                            "ipv4_range": "",
                            "name": "myhouse",
                            "project": "nnao45-gcp",
                            "routing_mode": "REGIONAL",
                            "self_link": "https://www.googleapis.com/compute/v1/projects/nnao45-gcp/global/networks/myhouse"
                        },
                        "meta": {},
                        "tainted": false
                    },
                    "deposed": [],
                    "provider": "provider.google"
                },
                "google_compute_subnetwork.rke": {
                    "type": "google_compute_subnetwork",
                    "depends_on": [
                        "google_compute_network.myhouse"
                    ],
                    "primary": {
                        "id": "asia-northeast1/rke",
                        "attributes": {
                            "description": "rke",
                            "enable_flow_logs": "false",
                            "fingerprint": "D7uMuJ5Iwwc=",
                            "gateway_address": "10.45.0.1",
                            "id": "asia-northeast1/rke",
                            "ip_cidr_range": "10.45.0.0/16",
                            "name": "rke",
                            "network": "https://www.googleapis.com/compute/beta/projects/nnao45-gcp/global/networks/myhouse",
                            "private_ip_google_access": "false",
                            "project": "nnao45-gcp",
                            "region": "asia-northeast1",
                            "secondary_ip_range.#": "0",
                            "self_link": "https://www.googleapis.com/compute/v1/projects/nnao45-gcp/regions/asia-northeast1/subnetworks/rke"
                        },
                        "meta": {
                            "e2bfb730-ecaa-11e6-8f88-34363bc7c4c0": {
                                "create": 360000000000,
                                "delete": 360000000000,
                                "update": 360000000000
                            }
                        },
                        "tainted": false
                    },
                    "deposed": [],
                    "provider": "provider.google"
                }
            },
            "depends_on": []
        }
    ]
}
