{
    "version": 3,
    "terraform_version": "0.11.7",
    "serial": 53,
    "lineage": "5a0f8c0e-d5ac-0d94-3611-33c7e728b6bd",
    "modules": [
        {
            "path": [
                "root"
            ],
            "outputs": {},
            "resources": {
                "google_compute_firewall.k8s-firewall": {
                    "type": "google_compute_firewall",
                    "depends_on": [
                        "google_compute_network.k8s-network"
                    ],
                    "primary": {
                        "id": "k8s-firewall",
                        "attributes": {
                            "allow.#": "4",
                            "allow.1367131964.ports.#": "0",
                            "allow.1367131964.protocol": "icmp",
                            "allow.2458899433.ports.#": "11",
                            "allow.2458899433.ports.0": "22",
                            "allow.2458899433.ports.1": "80",
                            "allow.2458899433.ports.10": "30000-32767",
                            "allow.2458899433.ports.2": "179",
                            "allow.2458899433.ports.3": "443",
                            "allow.2458899433.ports.4": "6443",
                            "allow.2458899433.ports.5": "8080",
                            "allow.2458899433.ports.6": "9099",
                            "allow.2458899433.ports.7": "2379-2380",
                            "allow.2458899433.ports.8": "10053-10055",
                            "allow.2458899433.ports.9": "10250-10256",
                            "allow.2458899433.protocol": "tcp",
                            "allow.349804433.ports.#": "0",
                            "allow.349804433.protocol": "ipip",
                            "allow.666620256.ports.#": "2",
                            "allow.666620256.ports.0": "8472",
                            "allow.666620256.ports.1": "9099",
                            "allow.666620256.protocol": "udp",
                            "deny.#": "0",
                            "description": "",
                            "destination_ranges.#": "0",
                            "direction": "INGRESS",
                            "disabled": "false",
                            "id": "k8s-firewall",
                            "name": "k8s-firewall",
                            "network": "https://www.googleapis.com/compute/v1/projects/nnao45-gcp/global/networks/k8s-network",
                            "priority": "1000",
                            "project": "nnao45-gcp",
                            "self_link": "https://www.googleapis.com/compute/v1/projects/nnao45-gcp/global/firewalls/k8s-firewall",
                            "source_ranges.#": "1",
                            "source_ranges.1080289494": "0.0.0.0/0",
                            "source_service_accounts.#": "0",
                            "source_tags.#": "0",
                            "target_service_accounts.#": "0",
                            "target_tags.#": "1",
                            "target_tags.1699766702": "k8s"
                        },
                        "meta": {
                            "schema_version": "1"
                        },
                        "tainted": false
                    },
                    "deposed": [],
                    "provider": "provider.google"
                },
                "google_compute_instance.k8s-master": {
                    "type": "google_compute_instance",
                    "depends_on": [
                        "google_compute_firewall.k8s-firewall",
                        "google_compute_subnetwork.k8s-subnet"
                    ],
                    "primary": {
                        "id": "k8s-master",
                        "attributes": {
                            "attached_disk.#": "0",
                            "boot_disk.#": "1",
                            "boot_disk.0.auto_delete": "true",
                            "boot_disk.0.device_name": "persistent-disk-0",
                            "boot_disk.0.disk_encryption_key_raw": "",
                            "boot_disk.0.disk_encryption_key_sha256": "",
                            "boot_disk.0.initialize_params.#": "1",
                            "boot_disk.0.initialize_params.0.image": "https://www.googleapis.com/compute/v1/projects/centos-cloud/global/images/centos-7-v20180611",
                            "boot_disk.0.initialize_params.0.size": "50",
                            "boot_disk.0.initialize_params.0.type": "pd-standard",
                            "boot_disk.0.source": "https://www.googleapis.com/compute/v1/projects/nnao45-gcp/zones/asia-northeast1-c/disks/k8s-master",
                            "can_ip_forward": "false",
                            "cpu_platform": "Intel Broadwell",
                            "create_timeout": "4",
                            "deletion_protection": "false",
                            "description": "k8s-master",
                            "guest_accelerator.#": "0",
                            "id": "k8s-master",
                            "instance_id": "3818244173406661940",
                            "label_fingerprint": "42WmSpB8rSM=",
                            "machine_type": "n1-standard-2",
                            "metadata.%": "1",
                            "metadata.sshKeys": "nnao45:ecdsa-sha2-nistp521 AAAAE2VjZHNhLXNoYTItbmlzdHA1MjEAAAAIbmlzdHA1MjEAAACFBABs6TfV+tS+e4s+7T4KK4u8Djg09C6oqQZC7GrpkPGZqw9IdhUWZJMgco4+cxiQPqgMJhl3aXO5+7GG9GlkgmoKWQHv5/FdhMtzIvBDOo7lIX5Te8jHBSjFUHToP4CDdWbJXdTT9ASZTXFWokSlDEutRsZUJTaqfLb+dB8qpc0j+7PItw== nnao45@nnao45-pc.local\n",
                            "metadata_fingerprint": "Vkawgv7Hc70=",
                            "metadata_startup_script": "",
                            "min_cpu_platform": "",
                            "name": "k8s-master",
                            "network_interface.#": "1",
                            "network_interface.0.access_config.#": "1",
                            "network_interface.0.access_config.0.assigned_nat_ip": "35.190.235.248",
                            "network_interface.0.access_config.0.nat_ip": "35.190.235.248",
                            "network_interface.0.access_config.0.network_tier": "PREMIUM",
                            "network_interface.0.access_config.0.public_ptr_domain_name": "",
                            "network_interface.0.address": "10.45.0.2",
                            "network_interface.0.alias_ip_range.#": "0",
                            "network_interface.0.name": "nic0",
                            "network_interface.0.network": "https://www.googleapis.com/compute/beta/projects/nnao45-gcp/global/networks/k8s-network",
                            "network_interface.0.network_ip": "10.45.0.2",
                            "network_interface.0.subnetwork": "https://www.googleapis.com/compute/beta/projects/nnao45-gcp/regions/asia-northeast1/subnetworks/k8s-subnet",
                            "network_interface.0.subnetwork_project": "nnao45-gcp",
                            "project": "nnao45-gcp",
                            "scheduling.#": "1",
                            "scheduling.0.automatic_restart": "true",
                            "scheduling.0.on_host_maintenance": "MIGRATE",
                            "scheduling.0.preemptible": "false",
                            "scratch_disk.#": "0",
                            "self_link": "https://www.googleapis.com/compute/v1/projects/nnao45-gcp/zones/asia-northeast1-c/instances/k8s-master",
                            "service_account.#": "1",
                            "service_account.0.email": "246915362776-compute@developer.gserviceaccount.com",
                            "service_account.0.scopes.#": "5",
                            "service_account.0.scopes.1277378754": "https://www.googleapis.com/auth/monitoring",
                            "service_account.0.scopes.1632638332": "https://www.googleapis.com/auth/devstorage.read_only",
                            "service_account.0.scopes.2401844655": "https://www.googleapis.com/auth/bigquery",
                            "service_account.0.scopes.2428168921": "https://www.googleapis.com/auth/userinfo.email",
                            "service_account.0.scopes.2862113455": "https://www.googleapis.com/auth/compute.readonly",
                            "tags.#": "2",
                            "tags.1327118689": "k8s-master",
                            "tags.1699766702": "k8s",
                            "tags_fingerprint": "f6vp69wOwTo=",
                            "zone": "asia-northeast1-c"
                        },
                        "meta": {
                            "e2bfb730-ecaa-11e6-8f88-34363bc7c4c0": {
                                "create": 360000000000,
                                "delete": 360000000000,
                                "update": 360000000000
                            },
                            "schema_version": "6"
                        },
                        "tainted": true
                    },
                    "deposed": [],
                    "provider": "provider.google"
                },
                "google_compute_network.k8s-network": {
                    "type": "google_compute_network",
                    "depends_on": [],
                    "primary": {
                        "id": "k8s-network",
                        "attributes": {
                            "auto_create_subnetworks": "false",
                            "description": "",
                            "gateway_ipv4": "",
                            "id": "k8s-network",
                            "ipv4_range": "",
                            "name": "k8s-network",
                            "project": "nnao45-gcp",
                            "routing_mode": "REGIONAL",
                            "self_link": "https://www.googleapis.com/compute/v1/projects/nnao45-gcp/global/networks/k8s-network"
                        },
                        "meta": {},
                        "tainted": false
                    },
                    "deposed": [],
                    "provider": "provider.google"
                },
                "google_compute_subnetwork.k8s-subnet": {
                    "type": "google_compute_subnetwork",
                    "depends_on": [
                        "google_compute_network.k8s-network"
                    ],
                    "primary": {
                        "id": "asia-northeast1/k8s-subnet",
                        "attributes": {
                            "description": "k8s",
                            "enable_flow_logs": "false",
                            "fingerprint": "XIEpFqNFrBM=",
                            "gateway_address": "10.45.0.1",
                            "id": "asia-northeast1/k8s-subnet",
                            "ip_cidr_range": "10.45.0.0/16",
                            "name": "k8s-subnet",
                            "network": "https://www.googleapis.com/compute/beta/projects/nnao45-gcp/global/networks/k8s-network",
                            "private_ip_google_access": "false",
                            "project": "nnao45-gcp",
                            "region": "asia-northeast1",
                            "secondary_ip_range.#": "0",
                            "self_link": "https://www.googleapis.com/compute/v1/projects/nnao45-gcp/regions/asia-northeast1/subnetworks/k8s-subnet"
                        },
                        "meta": {
                            "e2bfb730-ecaa-11e6-8f88-34363bc7c4c0": {
                                "create": 360000000000,
                                "delete": 360000000000,
                                "update": 360000000000
                            }
                        },
                        "tainted": false
                    },
                    "deposed": [],
                    "provider": "provider.google"
                }
            },
            "depends_on": []
        }
    ]
}
